
Microsoft Visual Studio Solution File, Format Version 12.00
# Visual Studio Version 16
VisualStudioVersion = 25.0.1700.0
MinimumVisualStudioVersion = 10.0.40219.1
Project("{2150E333-8FDC-42A3-9474-1A3956D46DE8}") = "Services", "Services", "{E80E8672-DB79-4D8A-9F99-FA68A86FA5CE}"
EndProject
Project("{2150E333-8FDC-42A3-9474-1A3956D46DE8}") = "Catalog", "Catalog", "{274F7C79-3B63-4356-A198-CF6D624B5C24}"
EndProject
Project("{FAE04EC0-301F-11D3-BF4B-00C04F79EFBC}") = "FreeCourse.Services.Catalog", "Services\Catalog\FreeCourse.Services.Catalog\FreeCourse.Services.Catalog.csproj", "{B33A8C0A-8CF1-43AA-846D-6653011BEF35}"
EndProject
Project("{2150E333-8FDC-42A3-9474-1A3956D46DE8}") = "Solution Items", "Solution Items", "{CA63B565-8219-461A-A154-033FFA56D832}"
	ProjectSection(SolutionItems) = preProject
		Ports.txt = Ports.txt
	EndProjectSection
EndProject
Project("{2150E333-8FDC-42A3-9474-1A3956D46DE8}") = "Shared", "Shared", "{1011CFC4-B866-4805-8B70-C55DAA19AFEB}"
EndProject
Project("{FAE04EC0-301F-11D3-BF4B-00C04F79EFBC}") = "FreeCourse.Shared", "Shared\FreeCourse.Shared\FreeCourse.Shared.csproj", "{42FB94C3-01FC-4FC9-A0E1-DD155F9D5335}"
EndProject
Project("{2150E333-8FDC-42A3-9474-1A3956D46DE8}") = "IdentityServer", "IdentityServer", "{61FF20EA-5035-40FB-9ACC-460577E3DCDA}"
EndProject
Project("{FAE04EC0-301F-11D3-BF4B-00C04F79EFBC}") = "FreeCourse.IdentityServer", "IdentityServer\FreeCourse.IdentityServer\FreeCourse.IdentityServer.csproj", "{1AA24596-D1F5-4AAC-B1F2-355AC61A972F}"
EndProject
Project("{2150E333-8FDC-42A3-9474-1A3956D46DE8}") = "PhotoStock", "PhotoStock", "{6FCEBD15-2ACD-4504-91BF-9591B0B4ADA7}"
EndProject
Project("{FAE04EC0-301F-11D3-BF4B-00C04F79EFBC}") = "FreeCourse.Services.PhotoStock", "Services\PhotoStock\FreeCourse.Services.PhotoStock\FreeCourse.Services.PhotoStock.csproj", "{B72A737B-6749-4730-AA3A-A37B5A8A54A9}"
EndProject
Project("{2150E333-8FDC-42A3-9474-1A3956D46DE8}") = "Basket", "Basket", "{DC4A7F76-7920-456A-B759-B06B41BC710B}"
EndProject
Project("{FAE04EC0-301F-11D3-BF4B-00C04F79EFBC}") = "FreeCourse.Services.Basket", "Services\Basket\FreeCourse.Services.Basket\FreeCourse.Services.Basket.csproj", "{51499777-04A0-47C7-814F-59A006986DF1}"
EndProject
Project("{2150E333-8FDC-42A3-9474-1A3956D46DE8}") = "Discount", "Discount", "{CAE51E4D-56A3-44A2-8B3B-049AA6BE5C5E}"
EndProject
Project("{FAE04EC0-301F-11D3-BF4B-00C04F79EFBC}") = "FreeCourse.Services.Discount", "Services\Discount\FreeCourse.Services.Discount\FreeCourse.Services.Discount.csproj", "{CB4F045E-373F-4438-BADC-6E0D923A6E8F}"
EndProject
Project("{2150E333-8FDC-42A3-9474-1A3956D46DE8}") = "Order", "Order", "{D316086D-68B4-4AF3-8777-4DBA1F7EC3FC}"
EndProject
Project("{FAE04EC0-301F-11D3-BF4B-00C04F79EFBC}") = "FreeCourse.Services.Order.API", "Services\Order\FreeCourse.Services.Order.API\FreeCourse.Services.Order.API.csproj", "{233A9F36-DE20-4C68-9634-9C558C29B411}"
EndProject
Project("{FAE04EC0-301F-11D3-BF4B-00C04F79EFBC}") = "FreeCourse.Services.Order.Application", "Services\Order\FreeCourse.Services.Order.Application\FreeCourse.Services.Order.Application.csproj", "{A1479B2F-F513-4171-81B2-7A12C86675F7}"
EndProject
Project("{FAE04EC0-301F-11D3-BF4B-00C04F79EFBC}") = "FreeCourse.Services.Order.Domain", "Services\Order\FreeCourse.Services.Order.Domain\FreeCourse.Services.Order.Domain.csproj", "{7C309043-5D45-479D-B106-06F2F03E97E1}"
EndProject
Project("{FAE04EC0-301F-11D3-BF4B-00C04F79EFBC}") = "FreeCourse.Services.Order.Domain.Core", "Services\Order\FreeCourse.Services.Order.Domain.Core\FreeCourse.Services.Order.Domain.Core.csproj", "{0F39C1DF-EABC-4A9B-B11D-222BEDB354FF}"
EndProject
Project("{FAE04EC0-301F-11D3-BF4B-00C04F79EFBC}") = "FreeCourse.Services.Order.Infrastructure", "Services\Order\FreeCourse.Services.Order.Infrastructure\FreeCourse.Services.Order.Infrastructure.csproj", "{7641246A-4840-44D5-91DA-6D53D1132A14}"
EndProject
Project("{2150E333-8FDC-42A3-9474-1A3956D46DE8}") = "FakePayment", "FakePayment", "{C50D4444-BBE9-4FC4-B322-969177983F86}"
EndProject
Project("{FAE04EC0-301F-11D3-BF4B-00C04F79EFBC}") = "FreeCourse.Services.FakePayment", "Services\FakePayment\FreeCourse.Services.FakePayment\FreeCourse.Services.FakePayment.csproj", "{415B75FA-054A-4E94-8DBB-7E34BCCE9B09}"
EndProject
Project("{2150E333-8FDC-42A3-9474-1A3956D46DE8}") = "Gateways", "Gateways", "{06CDFB0E-4850-437F-9BA5-8CCE8D1BE9D9}"
EndProject
Project("{FAE04EC0-301F-11D3-BF4B-00C04F79EFBC}") = "FreeCourse.Gateway", "Gateways\FreeCourse.Gateway\FreeCourse.Gateway.csproj", "{70CEC8F1-99E3-4E2C-9434-4B05C5C774DA}"
EndProject
Global
	GlobalSection(SolutionConfigurationPlatforms) = preSolution
		Debug|Any CPU = Debug|Any CPU
		Release|Any CPU = Release|Any CPU
	EndGlobalSection
	GlobalSection(ProjectConfigurationPlatforms) = postSolution
		{B33A8C0A-8CF1-43AA-846D-6653011BEF35}.Debug|Any CPU.ActiveCfg = Debug|Any CPU
		{B33A8C0A-8CF1-43AA-846D-6653011BEF35}.Debug|Any CPU.Build.0 = Debug|Any CPU
		{B33A8C0A-8CF1-43AA-846D-6653011BEF35}.Release|Any CPU.ActiveCfg = Release|Any CPU
		{B33A8C0A-8CF1-43AA-846D-6653011BEF35}.Release|Any CPU.Build.0 = Release|Any CPU
		{42FB94C3-01FC-4FC9-A0E1-DD155F9D5335}.Debug|Any CPU.ActiveCfg = Debug|Any CPU
		{42FB94C3-01FC-4FC9-A0E1-DD155F9D5335}.Debug|Any CPU.Build.0 = Debug|Any CPU
		{42FB94C3-01FC-4FC9-A0E1-DD155F9D5335}.Release|Any CPU.ActiveCfg = Release|Any CPU
		{42FB94C3-01FC-4FC9-A0E1-DD155F9D5335}.Release|Any CPU.Build.0 = Release|Any CPU
		{1AA24596-D1F5-4AAC-B1F2-355AC61A972F}.Debug|Any CPU.ActiveCfg = Debug|Any CPU
		{1AA24596-D1F5-4AAC-B1F2-355AC61A972F}.Debug|Any CPU.Build.0 = Debug|Any CPU
		{1AA24596-D1F5-4AAC-B1F2-355AC61A972F}.Release|Any CPU.ActiveCfg = Release|Any CPU
		{1AA24596-D1F5-4AAC-B1F2-355AC61A972F}.Release|Any CPU.Build.0 = Release|Any CPU
		{B72A737B-6749-4730-AA3A-A37B5A8A54A9}.Debug|Any CPU.ActiveCfg = Debug|Any CPU
		{B72A737B-6749-4730-AA3A-A37B5A8A54A9}.Debug|Any CPU.Build.0 = Debug|Any CPU
		{B72A737B-6749-4730-AA3A-A37B5A8A54A9}.Release|Any CPU.ActiveCfg = Release|Any CPU
		{B72A737B-6749-4730-AA3A-A37B5A8A54A9}.Release|Any CPU.Build.0 = Release|Any CPU
		{51499777-04A0-47C7-814F-59A006986DF1}.Debug|Any CPU.ActiveCfg = Debug|Any CPU
		{51499777-04A0-47C7-814F-59A006986DF1}.Debug|Any CPU.Build.0 = Debug|Any CPU
		{51499777-04A0-47C7-814F-59A006986DF1}.Release|Any CPU.ActiveCfg = Release|Any CPU
		{51499777-04A0-47C7-814F-59A006986DF1}.Release|Any CPU.Build.0 = Release|Any CPU
		{CB4F045E-373F-4438-BADC-6E0D923A6E8F}.Debug|Any CPU.ActiveCfg = Debug|Any CPU
		{CB4F045E-373F-4438-BADC-6E0D923A6E8F}.Debug|Any CPU.Build.0 = Debug|Any CPU
		{CB4F045E-373F-4438-BADC-6E0D923A6E8F}.Release|Any CPU.ActiveCfg = Release|Any CPU
		{CB4F045E-373F-4438-BADC-6E0D923A6E8F}.Release|Any CPU.Build.0 = Release|Any CPU
		{233A9F36-DE20-4C68-9634-9C558C29B411}.Debug|Any CPU.ActiveCfg = Debug|Any CPU
		{233A9F36-DE20-4C68-9634-9C558C29B411}.Debug|Any CPU.Build.0 = Debug|Any CPU
		{233A9F36-DE20-4C68-9634-9C558C29B411}.Release|Any CPU.ActiveCfg = Release|Any CPU
		{233A9F36-DE20-4C68-9634-9C558C29B411}.Release|Any CPU.Build.0 = Release|Any CPU
		{A1479B2F-F513-4171-81B2-7A12C86675F7}.Debug|Any CPU.ActiveCfg = Debug|Any CPU
		{A1479B2F-F513-4171-81B2-7A12C86675F7}.Debug|Any CPU.Build.0 = Debug|Any CPU
		{A1479B2F-F513-4171-81B2-7A12C86675F7}.Release|Any CPU.ActiveCfg = Release|Any CPU
		{A1479B2F-F513-4171-81B2-7A12C86675F7}.Release|Any CPU.Build.0 = Release|Any CPU
		{7C309043-5D45-479D-B106-06F2F03E97E1}.Debug|Any CPU.ActiveCfg = Debug|Any CPU
		{7C309043-5D45-479D-B106-06F2F03E97E1}.Debug|Any CPU.Build.0 = Debug|Any CPU
		{7C309043-5D45-479D-B106-06F2F03E97E1}.Release|Any CPU.ActiveCfg = Release|Any CPU
		{7C309043-5D45-479D-B106-06F2F03E97E1}.Release|Any CPU.Build.0 = Release|Any CPU
		{0F39C1DF-EABC-4A9B-B11D-222BEDB354FF}.Debug|Any CPU.ActiveCfg = Debug|Any CPU
		{0F39C1DF-EABC-4A9B-B11D-222BEDB354FF}.Debug|Any CPU.Build.0 = Debug|Any CPU
		{0F39C1DF-EABC-4A9B-B11D-222BEDB354FF}.Release|Any CPU.ActiveCfg = Release|Any CPU
		{0F39C1DF-EABC-4A9B-B11D-222BEDB354FF}.Release|Any CPU.Build.0 = Release|Any CPU
		{7641246A-4840-44D5-91DA-6D53D1132A14}.Debug|Any CPU.ActiveCfg = Debug|Any CPU
		{7641246A-4840-44D5-91DA-6D53D1132A14}.Debug|Any CPU.Build.0 = Debug|Any CPU
		{7641246A-4840-44D5-91DA-6D53D1132A14}.Release|Any CPU.ActiveCfg = Release|Any CPU
		{7641246A-4840-44D5-91DA-6D53D1132A14}.Release|Any CPU.Build.0 = Release|Any CPU
		{415B75FA-054A-4E94-8DBB-7E34BCCE9B09}.Debug|Any CPU.ActiveCfg = Debug|Any CPU
		{415B75FA-054A-4E94-8DBB-7E34BCCE9B09}.Debug|Any CPU.Build.0 = Debug|Any CPU
		{415B75FA-054A-4E94-8DBB-7E34BCCE9B09}.Release|Any CPU.ActiveCfg = Release|Any CPU
		{415B75FA-054A-4E94-8DBB-7E34BCCE9B09}.Release|Any CPU.Build.0 = Release|Any CPU
		{70CEC8F1-99E3-4E2C-9434-4B05C5C774DA}.Debug|Any CPU.ActiveCfg = Debug|Any CPU
		{70CEC8F1-99E3-4E2C-9434-4B05C5C774DA}.Debug|Any CPU.Build.0 = Debug|Any CPU
		{70CEC8F1-99E3-4E2C-9434-4B05C5C774DA}.Release|Any CPU.ActiveCfg = Release|Any CPU
		{70CEC8F1-99E3-4E2C-9434-4B05C5C774DA}.Release|Any CPU.Build.0 = Release|Any CPU
	EndGlobalSection
	GlobalSection(SolutionProperties) = preSolution
		HideSolutionNode = FALSE
	EndGlobalSection
	GlobalSection(ExtensibilityGlobals) = postSolution
		SolutionGuid = {0B61FC75-AEFE-48C8-9364-B6854FDA488B}
	EndGlobalSection
	GlobalSection(NestedProjects) = preSolution
		{274F7C79-3B63-4356-A198-CF6D624B5C24} = {E80E8672-DB79-4D8A-9F99-FA68A86FA5CE}
		{B33A8C0A-8CF1-43AA-846D-6653011BEF35} = {274F7C79-3B63-4356-A198-CF6D624B5C24}
		{42FB94C3-01FC-4FC9-A0E1-DD155F9D5335} = {1011CFC4-B866-4805-8B70-C55DAA19AFEB}
		{1AA24596-D1F5-4AAC-B1F2-355AC61A972F} = {61FF20EA-5035-40FB-9ACC-460577E3DCDA}
		{6FCEBD15-2ACD-4504-91BF-9591B0B4ADA7} = {E80E8672-DB79-4D8A-9F99-FA68A86FA5CE}
		{B72A737B-6749-4730-AA3A-A37B5A8A54A9} = {6FCEBD15-2ACD-4504-91BF-9591B0B4ADA7}
		{DC4A7F76-7920-456A-B759-B06B41BC710B} = {E80E8672-DB79-4D8A-9F99-FA68A86FA5CE}
		{51499777-04A0-47C7-814F-59A006986DF1} = {DC4A7F76-7920-456A-B759-B06B41BC710B}
		{CAE51E4D-56A3-44A2-8B3B-049AA6BE5C5E} = {E80E8672-DB79-4D8A-9F99-FA68A86FA5CE}
		{CB4F045E-373F-4438-BADC-6E0D923A6E8F} = {CAE51E4D-56A3-44A2-8B3B-049AA6BE5C5E}
		{D316086D-68B4-4AF3-8777-4DBA1F7EC3FC} = {E80E8672-DB79-4D8A-9F99-FA68A86FA5CE}
		{233A9F36-DE20-4C68-9634-9C558C29B411} = {D316086D-68B4-4AF3-8777-4DBA1F7EC3FC}
		{A1479B2F-F513-4171-81B2-7A12C86675F7} = {D316086D-68B4-4AF3-8777-4DBA1F7EC3FC}
		{7C309043-5D45-479D-B106-06F2F03E97E1} = {D316086D-68B4-4AF3-8777-4DBA1F7EC3FC}
		{0F39C1DF-EABC-4A9B-B11D-222BEDB354FF} = {D316086D-68B4-4AF3-8777-4DBA1F7EC3FC}
		{7641246A-4840-44D5-91DA-6D53D1132A14} = {D316086D-68B4-4AF3-8777-4DBA1F7EC3FC}
		{C50D4444-BBE9-4FC4-B322-969177983F86} = {E80E8672-DB79-4D8A-9F99-FA68A86FA5CE}
		{415B75FA-054A-4E94-8DBB-7E34BCCE9B09} = {C50D4444-BBE9-4FC4-B322-969177983F86}
		{70CEC8F1-99E3-4E2C-9434-4B05C5C774DA} = {06CDFB0E-4850-437F-9BA5-8CCE8D1BE9D9}
	EndGlobalSection
EndGlobal
