
Microsoft Visual Studio Solution File, Format Version 12.00
# Visual Studio Version 16
VisualStudioVersion = 25.0.1700.0
MinimumVisualStudioVersion = 10.0.40219.1
Project("{FAE04EC0-301F-11D3-BF4B-00C04F79EFBC}") = "FreeCourse.IdentityServer", "FreeCourse.IdentityServer.csproj", "{01EFCE15-856B-4799-AA2F-C5641AE7FC21}"
EndProject
Global
	GlobalSection(SolutionConfigurationPlatforms) = preSolution
		Debug|Any CPU = Debug|Any CPU
		Release|Any CPU = Release|Any CPU
	EndGlobalSection
	GlobalSection(ProjectConfigurationPlatforms) = postSolution
		{01EFCE15-856B-4799-AA2F-C5641AE7FC21}.Debug|Any CPU.ActiveCfg = Debug|Any CPU
		{01EFCE15-856B-4799-AA2F-C5641AE7FC21}.Debug|Any CPU.Build.0 = Debug|Any CPU
		{01EFCE15-856B-4799-AA2F-C5641AE7FC21}.Release|Any CPU.ActiveCfg = Release|Any CPU
		{01EFCE15-856B-4799-AA2F-C5641AE7FC21}.Release|Any CPU.Build.0 = Release|Any CPU
	EndGlobalSection
	GlobalSection(SolutionProperties) = preSolution
		HideSolutionNode = FALSE
	EndGlobalSection
	GlobalSection(ExtensibilityGlobals) = postSolution
		SolutionGuid = {515BA396-02CC-4835-BE1F-DAC08B3EE594}
	EndGlobalSection
EndGlobal
